
Microsoft Visual Studio Solution File, Format Version 12.00
# Visual Studio Version 16
VisualStudioVersion = 16.0.30621.155
MinimumVisualStudioVersion = 10.0.40219.1
Project("{9A19103F-16F7-4668-BE54-9A1E7A4F7556}") = "Converter.Common", "Converter.Common\Converter.Common.csproj", "{06F1C5CC-0D7F-4543-83E9-3F180C6748B1}"
EndProject
Project("{9A19103F-16F7-4668-BE54-9A1E7A4F7556}") = "Converter.Core", "Converter.Core\Converter.Core.csproj", "{5F277AFA-9F9A-46DF-9303-C1AAB547E111}"
EndProject
Project("{FAE04EC0-301F-11D3-BF4B-00C04F79EFBC}") = "Converter.Services", "Converter.Services\Converter.Services.csproj", "{454D6E8D-417E-4AD0-B85D-A501E58F9416}"
EndProject
Global
	GlobalSection(SolutionConfigurationPlatforms) = preSolution
		Debug|Any CPU = Debug|Any CPU
		Release|Any CPU = Release|Any CPU
	EndGlobalSection
	GlobalSection(ProjectConfigurationPlatforms) = postSolution
		{06F1C5CC-0D7F-4543-83E9-3F180C6748B1}.Debug|Any CPU.ActiveCfg = Debug|Any CPU
		{06F1C5CC-0D7F-4543-83E9-3F180C6748B1}.Debug|Any CPU.Build.0 = Debug|Any CPU
		{06F1C5CC-0D7F-4543-83E9-3F180C6748B1}.Release|Any CPU.ActiveCfg = Release|Any CPU
		{06F1C5CC-0D7F-4543-83E9-3F180C6748B1}.Release|Any CPU.Build.0 = Release|Any CPU
		{5F277AFA-9F9A-46DF-9303-C1AAB547E111}.Debug|Any CPU.ActiveCfg = Debug|Any CPU
		{5F277AFA-9F9A-46DF-9303-C1AAB547E111}.Debug|Any CPU.Build.0 = Debug|Any CPU
		{5F277AFA-9F9A-46DF-9303-C1AAB547E111}.Release|Any CPU.ActiveCfg = Release|Any CPU
		{5F277AFA-9F9A-46DF-9303-C1AAB547E111}.Release|Any CPU.Build.0 = Release|Any CPU
		{454D6E8D-417E-4AD0-B85D-A501E58F9416}.Debug|Any CPU.ActiveCfg = Debug|Any CPU
		{454D6E8D-417E-4AD0-B85D-A501E58F9416}.Debug|Any CPU.Build.0 = Debug|Any CPU
		{454D6E8D-417E-4AD0-B85D-A501E58F9416}.Release|Any CPU.ActiveCfg = Release|Any CPU
		{454D6E8D-417E-4AD0-B85D-A501E58F9416}.Release|Any CPU.Build.0 = Release|Any CPU
	EndGlobalSection
	GlobalSection(SolutionProperties) = preSolution
		HideSolutionNode = FALSE
	EndGlobalSection
	GlobalSection(ExtensibilityGlobals) = postSolution
		SolutionGuid = {416D6BB2-A691-4CAC-821B-6CB38F50B3F8}
	EndGlobalSection
EndGlobal
